
Microsoft Visual Studio Solution File, Format Version 12.00
# Visual Studio Version 16
VisualStudioVersion = 25.0.1705.4
MinimumVisualStudioVersion = 10.0.40219.1
Project("{FAE04EC0-301F-11D3-BF4B-00C04F79EFBC}") = "BookSummaryAPI", "BookSummaryAPI\BookSummaryAPI.csproj", "{68D7677D-15FC-4EB7-8D1C-5E7C5C9FCBD7}"
EndProject
Global
	GlobalSection(SolutionConfigurationPlatforms) = preSolution
		Debug|Any CPU = Debug|Any CPU
		Release|Any CPU = Release|Any CPU
	EndGlobalSection
	GlobalSection(ProjectConfigurationPlatforms) = postSolution
		{68D7677D-15FC-4EB7-8D1C-5E7C5C9FCBD7}.Debug|Any CPU.ActiveCfg = Debug|Any CPU
		{68D7677D-15FC-4EB7-8D1C-5E7C5C9FCBD7}.Debug|Any CPU.Build.0 = Debug|Any CPU
		{68D7677D-15FC-4EB7-8D1C-5E7C5C9FCBD7}.Release|Any CPU.ActiveCfg = Release|Any CPU
		{68D7677D-15FC-4EB7-8D1C-5E7C5C9FCBD7}.Release|Any CPU.Build.0 = Release|Any CPU
	EndGlobalSection
	GlobalSection(SolutionProperties) = preSolution
		HideSolutionNode = FALSE
	EndGlobalSection
	GlobalSection(ExtensibilityGlobals) = postSolution
		SolutionGuid = {39DB4EEE-890D-442A-BADD-34DDF62A30AA}
	EndGlobalSection
EndGlobal
